
Microsoft Visual Studio Solution File, Format Version 12.00
# Visual Studio 15
Project("{FAE04EC0-301F-11D3-BF4B-00C04F79EFBC}") = "BgfxSample.Mac", "BgfxSample.Mac\BgfxSample.Mac.csproj", "{02F6732F-CC50-4D78-AFC5-772B5F984E9C}"
EndProject
Project("{FAE04EC0-301F-11D3-BF4B-00C04F79EFBC}") = "BgfxSample.iOS", "BgfxSample.iOS\BgfxSample.iOS.csproj", "{57B956CF-6625-479B-B692-E7808E705225}"
EndProject
Global
	GlobalSection(SolutionConfigurationPlatforms) = preSolution
		Debug|Any CPU = Debug|Any CPU
		Release|Any CPU = Release|Any CPU
		Debug|iPhoneSimulator = Debug|iPhoneSimulator
		Release|iPhoneSimulator = Release|iPhoneSimulator
		Debug|iPhone = Debug|iPhone
		Release|iPhone = Release|iPhone
	EndGlobalSection
	GlobalSection(ProjectConfigurationPlatforms) = postSolution
		{02F6732F-CC50-4D78-AFC5-772B5F984E9C}.Debug|Any CPU.ActiveCfg = Debug|Any CPU
		{02F6732F-CC50-4D78-AFC5-772B5F984E9C}.Debug|Any CPU.Build.0 = Debug|Any CPU
		{02F6732F-CC50-4D78-AFC5-772B5F984E9C}.Release|Any CPU.ActiveCfg = Release|Any CPU
		{02F6732F-CC50-4D78-AFC5-772B5F984E9C}.Release|Any CPU.Build.0 = Release|Any CPU
		{02F6732F-CC50-4D78-AFC5-772B5F984E9C}.Debug|iPhoneSimulator.ActiveCfg = Debug|Any CPU
		{02F6732F-CC50-4D78-AFC5-772B5F984E9C}.Debug|iPhoneSimulator.Build.0 = Debug|Any CPU
		{02F6732F-CC50-4D78-AFC5-772B5F984E9C}.Release|iPhoneSimulator.ActiveCfg = Release|Any CPU
		{02F6732F-CC50-4D78-AFC5-772B5F984E9C}.Release|iPhoneSimulator.Build.0 = Release|Any CPU
		{02F6732F-CC50-4D78-AFC5-772B5F984E9C}.Debug|iPhone.ActiveCfg = Debug|Any CPU
		{02F6732F-CC50-4D78-AFC5-772B5F984E9C}.Debug|iPhone.Build.0 = Debug|Any CPU
		{02F6732F-CC50-4D78-AFC5-772B5F984E9C}.Release|iPhone.ActiveCfg = Release|Any CPU
		{02F6732F-CC50-4D78-AFC5-772B5F984E9C}.Release|iPhone.Build.0 = Release|Any CPU
		{57B956CF-6625-479B-B692-E7808E705225}.Debug|Any CPU.ActiveCfg = Debug|iPhoneSimulator
		{57B956CF-6625-479B-B692-E7808E705225}.Debug|Any CPU.Build.0 = Debug|iPhoneSimulator
		{57B956CF-6625-479B-B692-E7808E705225}.Release|Any CPU.ActiveCfg = Release|iPhoneSimulator
		{57B956CF-6625-479B-B692-E7808E705225}.Release|Any CPU.Build.0 = Release|iPhoneSimulator
		{57B956CF-6625-479B-B692-E7808E705225}.Debug|iPhoneSimulator.ActiveCfg = Debug|iPhoneSimulator
		{57B956CF-6625-479B-B692-E7808E705225}.Debug|iPhoneSimulator.Build.0 = Debug|iPhoneSimulator
		{57B956CF-6625-479B-B692-E7808E705225}.Release|iPhoneSimulator.ActiveCfg = Release|iPhoneSimulator
		{57B956CF-6625-479B-B692-E7808E705225}.Release|iPhoneSimulator.Build.0 = Release|iPhoneSimulator
		{57B956CF-6625-479B-B692-E7808E705225}.Debug|iPhone.ActiveCfg = Debug|iPhone
		{57B956CF-6625-479B-B692-E7808E705225}.Debug|iPhone.Build.0 = Debug|iPhone
		{57B956CF-6625-479B-B692-E7808E705225}.Release|iPhone.ActiveCfg = Release|iPhone
		{57B956CF-6625-479B-B692-E7808E705225}.Release|iPhone.Build.0 = Release|iPhone
	EndGlobalSection
EndGlobal
