
Microsoft Visual Studio Solution File, Format Version 12.00
# Visual Studio 15
Project("{FAE04EC0-301F-11D3-BF4B-00C04F79EFBC}") = "BgfxSample.iOS", "BgfxSample.iOS.csproj", "{57B956CF-6625-479B-B692-E7808E705225}"
EndProject
Global
	GlobalSection(SolutionConfigurationPlatforms) = preSolution
		Debug|iPhoneSimulator = Debug|iPhoneSimulator
		Release|iPhoneSimulator = Release|iPhoneSimulator
		Debug|iPhone = Debug|iPhone
		Release|iPhone = Release|iPhone
	EndGlobalSection
	GlobalSection(ProjectConfigurationPlatforms) = postSolution
		{57B956CF-6625-479B-B692-E7808E705225}.Debug|iPhoneSimulator.ActiveCfg = Debug|iPhoneSimulator
		{57B956CF-6625-479B-B692-E7808E705225}.Debug|iPhoneSimulator.Build.0 = Debug|iPhoneSimulator
		{57B956CF-6625-479B-B692-E7808E705225}.Release|iPhoneSimulator.ActiveCfg = Release|iPhoneSimulator
		{57B956CF-6625-479B-B692-E7808E705225}.Release|iPhoneSimulator.Build.0 = Release|iPhoneSimulator
		{57B956CF-6625-479B-B692-E7808E705225}.Debug|iPhone.ActiveCfg = Debug|iPhone
		{57B956CF-6625-479B-B692-E7808E705225}.Debug|iPhone.Build.0 = Debug|iPhone
		{57B956CF-6625-479B-B692-E7808E705225}.Release|iPhone.ActiveCfg = Release|iPhone
		{57B956CF-6625-479B-B692-E7808E705225}.Release|iPhone.Build.0 = Release|iPhone
	EndGlobalSection
EndGlobal
